// !$*UTF8*$!
{
	archiveVersion = 1;
	classes = {
	};
	objectVersion = 56;
	objects = {

/* Begin PBXBuildFile section */
		09276FC12B8E93410049C49C /* Task+CoreDataClass.swift in Sources */ = {isa = PBXBuildFile; fileRef = 09276FBF2B8E93410049C49C /* Task+CoreDataClass.swift */; };
		09276FC22B8E93410049C49C /* Task+CoreDataProperties.swift in Sources */ = {isa = PBXBuildFile; fileRef = 09276FC02B8E93410049C49C /* Task+CoreDataProperties.swift */; };
		095DCEF12B886422003B9C16 /* CompleteViewController.swift in Sources */ = {isa = PBXBuildFile; fileRef = 095DCEF02B886422003B9C16 /* CompleteViewController.swift */; };
		0964AB542B8E857100ACC0D9 /* TaskModel.xcdatamodeld in Sources */ = {isa = PBXBuildFile; fileRef = 0964AB522B8E857100ACC0D9 /* TaskModel.xcdatamodeld */; };
		09BB794C2B8DB1FA000607D0 /* AddTaskViewController.swift in Sources */ = {isa = PBXBuildFile; fileRef = 09BB794B2B8DB1FA000607D0 /* AddTaskViewController.swift */; };
		80830E1A2B8C6C9200861CB2 /* DataViewController.swift in Sources */ = {isa = PBXBuildFile; fileRef = 80830E192B8C6C9200861CB2 /* DataViewController.swift */; };
		80830E1C2B8D064400861CB2 /* CustomTableViewCell.swift in Sources */ = {isa = PBXBuildFile; fileRef = 80830E1B2B8D064400861CB2 /* CustomTableViewCell.swift */; };
		EF7094FE2B86FB8200A40061 /* AppDelegate.swift in Sources */ = {isa = PBXBuildFile; fileRef = EF7094FD2B86FB8200A40061 /* AppDelegate.swift */; };
		EF7095002B86FB8200A40061 /* SceneDelegate.swift in Sources */ = {isa = PBXBuildFile; fileRef = EF7094FF2B86FB8200A40061 /* SceneDelegate.swift */; };
		EF7095022B86FB8200A40061 /* ViewController.swift in Sources */ = {isa = PBXBuildFile; fileRef = EF7095012B86FB8200A40061 /* ViewController.swift */; };
		EF7095052B86FB8200A40061 /* Main.storyboard in Resources */ = {isa = PBXBuildFile; fileRef = EF7095032B86FB8200A40061 /* Main.storyboard */; };
		EF7095072B86FB8300A40061 /* Assets.xcassets in Resources */ = {isa = PBXBuildFile; fileRef = EF7095062B86FB8300A40061 /* Assets.xcassets */; };
		EF70950A2B86FB8300A40061 /* LaunchScreen.storyboard in Resources */ = {isa = PBXBuildFile; fileRef = EF7095082B86FB8300A40061 /* LaunchScreen.storyboard */; };
		EF7095152B86FB8300A40061 /* COMP3097_Group16Tests.swift in Sources */ = {isa = PBXBuildFile; fileRef = EF7095142B86FB8300A40061 /* COMP3097_Group16Tests.swift */; };
		EF70951F2B86FB8300A40061 /* COMP3097_Group16UITests.swift in Sources */ = {isa = PBXBuildFile; fileRef = EF70951E2B86FB8300A40061 /* COMP3097_Group16UITests.swift */; };
		EF7095212B86FB8300A40061 /* COMP3097_Group16UITestsLaunchTests.swift in Sources */ = {isa = PBXBuildFile; fileRef = EF7095202B86FB8300A40061 /* COMP3097_Group16UITestsLaunchTests.swift */; };
/* End PBXBuildFile section */

/* Begin PBXContainerItemProxy section */
		EF7095112B86FB8300A40061 /* PBXContainerItemProxy */ = {
			isa = PBXContainerItemProxy;
			containerPortal = EF7094F22B86FB8200A40061 /* Project object */;
			proxyType = 1;
			remoteGlobalIDString = EF7094F92B86FB8200A40061;
			remoteInfo = COMP3097_Group16;
		};
		EF70951B2B86FB8300A40061 /* PBXContainerItemProxy */ = {
			isa = PBXContainerItemProxy;
			containerPortal = EF7094F22B86FB8200A40061 /* Project object */;
			proxyType = 1;
			remoteGlobalIDString = EF7094F92B86FB8200A40061;
			remoteInfo = COMP3097_Group16;
		};
/* End PBXContainerItemProxy section */

/* Begin PBXFileReference section */
		09276FBF2B8E93410049C49C /* Task+CoreDataClass.swift */ = {isa = PBXFileReference; lastKnownFileType = sourcecode.swift; path = "Task+CoreDataClass.swift"; sourceTree = "<group>"; };
		09276FC02B8E93410049C49C /* Task+CoreDataProperties.swift */ = {isa = PBXFileReference; lastKnownFileType = sourcecode.swift; path = "Task+CoreDataProperties.swift"; sourceTree = "<group>"; };
		095DCEF02B886422003B9C16 /* CompleteViewController.swift */ = {isa = PBXFileReference; lastKnownFileType = sourcecode.swift; path = CompleteViewController.swift; sourceTree = "<group>"; };
		0964AB532B8E857100ACC0D9 /* TaskModel.xcdatamodel */ = {isa = PBXFileReference; lastKnownFileType = wrapper.xcdatamodel; path = TaskModel.xcdatamodel; sourceTree = "<group>"; };
		09BB794B2B8DB1FA000607D0 /* AddTaskViewController.swift */ = {isa = PBXFileReference; lastKnownFileType = sourcecode.swift; path = AddTaskViewController.swift; sourceTree = "<group>"; };
		80830E192B8C6C9200861CB2 /* DataViewController.swift */ = {isa = PBXFileReference; lastKnownFileType = sourcecode.swift; path = DataViewController.swift; sourceTree = "<group>"; };
		80830E1B2B8D064400861CB2 /* CustomTableViewCell.swift */ = {isa = PBXFileReference; lastKnownFileType = sourcecode.swift; path = CustomTableViewCell.swift; sourceTree = "<group>"; };
		EF7094FA2B86FB8200A40061 /* COMP3097_Group16.app */ = {isa = PBXFileReference; explicitFileType = wrapper.application; includeInIndex = 0; path = COMP3097_Group16.app; sourceTree = BUILT_PRODUCTS_DIR; };
		EF7094FD2B86FB8200A40061 /* AppDelegate.swift */ = {isa = PBXFileReference; lastKnownFileType = sourcecode.swift; path = AppDelegate.swift; sourceTree = "<group>"; };
		EF7094FF2B86FB8200A40061 /* SceneDelegate.swift */ = {isa = PBXFileReference; lastKnownFileType = sourcecode.swift; path = SceneDelegate.swift; sourceTree = "<group>"; };
		EF7095012B86FB8200A40061 /* ViewController.swift */ = {isa = PBXFileReference; lastKnownFileType = sourcecode.swift; path = ViewController.swift; sourceTree = "<group>"; };
		EF7095042B86FB8200A40061 /* Base */ = {isa = PBXFileReference; lastKnownFileType = file.storyboard; name = Base; path = Base.lproj/Main.storyboard; sourceTree = "<group>"; };
		EF7095062B86FB8300A40061 /* Assets.xcassets */ = {isa = PBXFileReference; lastKnownFileType = folder.assetcatalog; path = Assets.xcassets; sourceTree = "<group>"; };
		EF7095092B86FB8300A40061 /* Base */ = {isa = PBXFileReference; lastKnownFileType = file.storyboard; name = Base; path = Base.lproj/LaunchScreen.storyboard; sourceTree = "<group>"; };
		EF70950B2B86FB8300A40061 /* Info.plist */ = {isa = PBXFileReference; lastKnownFileType = text.plist.xml; path = Info.plist; sourceTree = "<group>"; };
		EF7095102B86FB8300A40061 /* COMP3097_Group16Tests.xctest */ = {isa = PBXFileReference; explicitFileType = wrapper.cfbundle; includeInIndex = 0; path = COMP3097_Group16Tests.xctest; sourceTree = BUILT_PRODUCTS_DIR; };
		EF7095142B86FB8300A40061 /* COMP3097_Group16Tests.swift */ = {isa = PBXFileReference; lastKnownFileType = sourcecode.swift; path = COMP3097_Group16Tests.swift; sourceTree = "<group>"; };
		EF70951A2B86FB8300A40061 /* COMP3097_Group16UITests.xctest */ = {isa = PBXFileReference; explicitFileType = wrapper.cfbundle; includeInIndex = 0; path = COMP3097_Group16UITests.xctest; sourceTree = BUILT_PRODUCTS_DIR; };
		EF70951E2B86FB8300A40061 /* COMP3097_Group16UITests.swift */ = {isa = PBXFileReference; lastKnownFileType = sourcecode.swift; path = COMP3097_Group16UITests.swift; sourceTree = "<group>"; };
		EF7095202B86FB8300A40061 /* COMP3097_Group16UITestsLaunchTests.swift */ = {isa = PBXFileReference; lastKnownFileType = sourcecode.swift; path = COMP3097_Group16UITestsLaunchTests.swift; sourceTree = "<group>"; };
/* End PBXFileReference section */

/* Begin PBXFrameworksBuildPhase section */
		EF7094F72B86FB8200A40061 /* Frameworks */ = {
			isa = PBXFrameworksBuildPhase;
			buildActionMask = 2147483647;
			files = (
			);
			runOnlyForDeploymentPostprocessing = 0;
		};
		EF70950D2B86FB8300A40061 /* Frameworks */ = {
			isa = PBXFrameworksBuildPhase;
			buildActionMask = 2147483647;
			files = (
			);
			runOnlyForDeploymentPostprocessing = 0;
		};
		EF7095172B86FB8300A40061 /* Frameworks */ = {
			isa = PBXFrameworksBuildPhase;
			buildActionMask = 2147483647;
			files = (
			);
			runOnlyForDeploymentPostprocessing = 0;
		};
/* End PBXFrameworksBuildPhase section */

/* Begin PBXGroup section */
		09276F972B8E88AA0049C49C /* Task */ = {
			isa = PBXGroup;
			children = (
				09276FBF2B8E93410049C49C /* Task+CoreDataClass.swift */,
				09276FC02B8E93410049C49C /* Task+CoreDataProperties.swift */,
			);
			path = Task;
			sourceTree = "<group>";
		};
		EF7094F12B86FB8200A40061 = {
			isa = PBXGroup;
			children = (
				EF7094FC2B86FB8200A40061 /* COMP3097_Group16 */,
				EF7095132B86FB8300A40061 /* COMP3097_Group16Tests */,
				EF70951D2B86FB8300A40061 /* COMP3097_Group16UITests */,
				EF7094FB2B86FB8200A40061 /* Products */,
			);
			sourceTree = "<group>";
		};
		EF7094FB2B86FB8200A40061 /* Products */ = {
			isa = PBXGroup;
			children = (
				EF7094FA2B86FB8200A40061 /* COMP3097_Group16.app */,
				EF7095102B86FB8300A40061 /* COMP3097_Group16Tests.xctest */,
				EF70951A2B86FB8300A40061 /* COMP3097_Group16UITests.xctest */,
			);
			name = Products;
			sourceTree = "<group>";
		};
		EF7094FC2B86FB8200A40061 /* COMP3097_Group16 */ = {
			isa = PBXGroup;
			children = (
				09276F972B8E88AA0049C49C /* Task */,
				80830E192B8C6C9200861CB2 /* DataViewController.swift */,
				095DCEF02B886422003B9C16 /* CompleteViewController.swift */,
				EF7094FD2B86FB8200A40061 /* AppDelegate.swift */,
				EF7094FF2B86FB8200A40061 /* SceneDelegate.swift */,
				EF7095012B86FB8200A40061 /* ViewController.swift */,
				EF7095032B86FB8200A40061 /* Main.storyboard */,
				09BB794B2B8DB1FA000607D0 /* AddTaskViewController.swift */,
				EF7095062B86FB8300A40061 /* Assets.xcassets */,
				EF7095082B86FB8300A40061 /* LaunchScreen.storyboard */,
				EF70950B2B86FB8300A40061 /* Info.plist */,
				80830E1B2B8D064400861CB2 /* CustomTableViewCell.swift */,
				0964AB522B8E857100ACC0D9 /* TaskModel.xcdatamodeld */,
			);
			path = COMP3097_Group16;
			sourceTree = "<group>";
		};
		EF7095132B86FB8300A40061 /* COMP3097_Group16Tests */ = {
			isa = PBXGroup;
			children = (
				EF7095142B86FB8300A40061 /* COMP3097_Group16Tests.swift */,
			);
			path = COMP3097_Group16Tests;
			sourceTree = "<group>";
		};
		EF70951D2B86FB8300A40061 /* COMP3097_Group16UITests */ = {
			isa = PBXGroup;
			children = (
				EF70951E2B86FB8300A40061 /* COMP3097_Group16UITests.swift */,
				EF7095202B86FB8300A40061 /* COMP3097_Group16UITestsLaunchTests.swift */,
			);
			path = COMP3097_Group16UITests;
			sourceTree = "<group>";
		};
/* End PBXGroup section */

/* Begin PBXNativeTarget section */
		EF7094F92B86FB8200A40061 /* COMP3097_Group16 */ = {
			isa = PBXNativeTarget;
			buildConfigurationList = EF7095242B86FB8300A40061 /* Build configuration list for PBXNativeTarget "COMP3097_Group16" */;
			buildPhases = (
				EF7094F62B86FB8200A40061 /* Sources */,
				EF7094F72B86FB8200A40061 /* Frameworks */,
				EF7094F82B86FB8200A40061 /* Resources */,
			);
			buildRules = (
			);
			dependencies = (
			);
			name = COMP3097_Group16;
			productName = COMP3097_Group16;
			productReference = EF7094FA2B86FB8200A40061 /* COMP3097_Group16.app */;
			productType = "com.apple.product-type.application";
		};
		EF70950F2B86FB8300A40061 /* COMP3097_Group16Tests */ = {
			isa = PBXNativeTarget;
			buildConfigurationList = EF7095272B86FB8300A40061 /* Build configuration list for PBXNativeTarget "COMP3097_Group16Tests" */;
			buildPhases = (
				EF70950C2B86FB8300A40061 /* Sources */,
				EF70950D2B86FB8300A40061 /* Frameworks */,
				EF70950E2B86FB8300A40061 /* Resources */,
			);
			buildRules = (
			);
			dependencies = (
				EF7095122B86FB8300A40061 /* PBXTargetDependency */,
			);
			name = COMP3097_Group16Tests;
			productName = COMP3097_Group16Tests;
			productReference = EF7095102B86FB8300A40061 /* COMP3097_Group16Tests.xctest */;
			productType = "com.apple.product-type.bundle.unit-test";
		};
		EF7095192B86FB8300A40061 /* COMP3097_Group16UITests */ = {
			isa = PBXNativeTarget;
			buildConfigurationList = EF70952A2B86FB8300A40061 /* Build configuration list for PBXNativeTarget "COMP3097_Group16UITests" */;
			buildPhases = (
				EF7095162B86FB8300A40061 /* Sources */,
				EF7095172B86FB8300A40061 /* Frameworks */,
				EF7095182B86FB8300A40061 /* Resources */,
			);
			buildRules = (
			);
			dependencies = (
				EF70951C2B86FB8300A40061 /* PBXTargetDependency */,
			);
			name = COMP3097_Group16UITests;
			productName = COMP3097_Group16UITests;
			productReference = EF70951A2B86FB8300A40061 /* COMP3097_Group16UITests.xctest */;
			productType = "com.apple.product-type.bundle.ui-testing";
		};
/* End PBXNativeTarget section */

/* Begin PBXProject section */
		EF7094F22B86FB8200A40061 /* Project object */ = {
			isa = PBXProject;
			attributes = {
				BuildIndependentTargetsInParallel = 1;
				LastSwiftUpdateCheck = 1520;
				LastUpgradeCheck = 1520;
				TargetAttributes = {
					EF7094F92B86FB8200A40061 = {
						CreatedOnToolsVersion = 15.2;
					};
					EF70950F2B86FB8300A40061 = {
						CreatedOnToolsVersion = 15.2;
						TestTargetID = EF7094F92B86FB8200A40061;
					};
					EF7095192B86FB8300A40061 = {
						CreatedOnToolsVersion = 15.2;
						TestTargetID = EF7094F92B86FB8200A40061;
					};
				};
			};
			buildConfigurationList = EF7094F52B86FB8200A40061 /* Build configuration list for PBXProject "COMP3097_Group16" */;
			compatibilityVersion = "Xcode 14.0";
			developmentRegion = en;
			hasScannedForEncodings = 0;
			knownRegions = (
				en,
				Base,
			);
			mainGroup = EF7094F12B86FB8200A40061;
			productRefGroup = EF7094FB2B86FB8200A40061 /* Products */;
			projectDirPath = "";
			projectRoot = "";
			targets = (
				EF7094F92B86FB8200A40061 /* COMP3097_Group16 */,
				EF70950F2B86FB8300A40061 /* COMP3097_Group16Tests */,
				EF7095192B86FB8300A40061 /* COMP3097_Group16UITests */,
			);
		};
/* End PBXProject section */

/* Begin PBXResourcesBuildPhase section */
		EF7094F82B86FB8200A40061 /* Resources */ = {
			isa = PBXResourcesBuildPhase;
			buildActionMask = 2147483647;
			files = (
				EF70950A2B86FB8300A40061 /* LaunchScreen.storyboard in Resources */,
				EF7095072B86FB8300A40061 /* Assets.xcassets in Resources */,
				EF7095052B86FB8200A40061 /* Main.storyboard in Resources */,
			);
			runOnlyForDeploymentPostprocessing = 0;
		};
		EF70950E2B86FB8300A40061 /* Resources */ = {
			isa = PBXResourcesBuildPhase;
			buildActionMask = 2147483647;
			files = (
			);
			runOnlyForDeploymentPostprocessing = 0;
		};
		EF7095182B86FB8300A40061 /* Resources */ = {
			isa = PBXResourcesBuildPhase;
			buildActionMask = 2147483647;
			files = (
			);
			runOnlyForDeploymentPostprocessing = 0;
		};
/* End PBXResourcesBuildPhase section */

/* Begin PBXSourcesBuildPhase section */
		EF7094F62B86FB8200A40061 /* Sources */ = {
			isa = PBXSourcesBuildPhase;
			buildActionMask = 2147483647;
			files = (
				80830E1C2B8D064400861CB2 /* CustomTableViewCell.swift in Sources */,
				09276FC12B8E93410049C49C /* Task+CoreDataClass.swift in Sources */,
				EF7095022B86FB8200A40061 /* ViewController.swift in Sources */,
				0964AB542B8E857100ACC0D9 /* TaskModel.xcdatamodeld in Sources */,
				EF7094FE2B86FB8200A40061 /* AppDelegate.swift in Sources */,
				EF7095002B86FB8200A40061 /* SceneDelegate.swift in Sources */,
				095DCEF12B886422003B9C16 /* CompleteViewController.swift in Sources */,
				80830E1A2B8C6C9200861CB2 /* DataViewController.swift in Sources */,
				09276FC22B8E93410049C49C /* Task+CoreDataProperties.swift in Sources */,
				09BB794C2B8DB1FA000607D0 /* AddTaskViewController.swift in Sources */,
			);
			runOnlyForDeploymentPostprocessing = 0;
		};
		EF70950C2B86FB8300A40061 /* Sources */ = {
			isa = PBXSourcesBuildPhase;
			buildActionMask = 2147483647;
			files = (
				EF7095152B86FB8300A40061 /* COMP3097_Group16Tests.swift in Sources */,
			);
			runOnlyForDeploymentPostprocessing = 0;
		};
		EF7095162B86FB8300A40061 /* Sources */ = {
			isa = PBXSourcesBuildPhase;
			buildActionMask = 2147483647;
			files = (
				EF70951F2B86FB8300A40061 /* COMP3097_Group16UITests.swift in Sources */,
				EF7095212B86FB8300A40061 /* COMP3097_Group16UITestsLaunchTests.swift in Sources */,
			);
			runOnlyForDeploymentPostprocessing = 0;
		};
/* End PBXSourcesBuildPhase section */

/* Begin PBXTargetDependency section */
		EF7095122B86FB8300A40061 /* PBXTargetDependency */ = {
			isa = PBXTargetDependency;
			target = EF7094F92B86FB8200A40061 /* COMP3097_Group16 */;
			targetProxy = EF7095112B86FB8300A40061 /* PBXContainerItemProxy */;
		};
		EF70951C2B86FB8300A40061 /* PBXTargetDependency */ = {
			isa = PBXTargetDependency;
			target = EF7094F92B86FB8200A40061 /* COMP3097_Group16 */;
			targetProxy = EF70951B2B86FB8300A40061 /* PBXContainerItemProxy */;
		};
/* End PBXTargetDependency section */

/* Begin PBXVariantGroup section */
		EF7095032B86FB8200A40061 /* Main.storyboard */ = {
			isa = PBXVariantGroup;
			children = (
				EF7095042B86FB8200A40061 /* Base */,
			);
			name = Main.storyboard;
			sourceTree = "<group>";
		};
		EF7095082B86FB8300A40061 /* LaunchScreen.storyboard */ = {
			isa = PBXVariantGroup;
			children = (
				EF7095092B86FB8300A40061 /* Base */,
			);
			name = LaunchScreen.storyboard;
			sourceTree = "<group>";
		};
/* End PBXVariantGroup section */

/* Begin XCBuildConfiguration section */
		EF7095222B86FB8300A40061 /* Debug */ = {
			isa = XCBuildConfiguration;
			buildSettings = {
				ALWAYS_SEARCH_USER_PATHS = NO;
				ASSETCATALOG_COMPILER_GENERATE_SWIFT_ASSET_SYMBOL_EXTENSIONS = YES;
				CLANG_ANALYZER_NONNULL = YES;
				CLANG_ANALYZER_NUMBER_OBJECT_CONVERSION = YES_AGGRESSIVE;
				CLANG_CXX_LANGUAGE_STANDARD = "gnu++20";
				CLANG_ENABLE_MODULES = YES;
				CLANG_ENABLE_OBJC_ARC = YES;
				CLANG_ENABLE_OBJC_WEAK = YES;
				CLANG_WARN_BLOCK_CAPTURE_AUTORELEASING = YES;
				CLANG_WARN_BOOL_CONVERSION = YES;
				CLANG_WARN_COMMA = YES;
				CLANG_WARN_CONSTANT_CONVERSION = YES;
				CLANG_WARN_DEPRECATED_OBJC_IMPLEMENTATIONS = YES;
				CLANG_WARN_DIRECT_OBJC_ISA_USAGE = YES_ERROR;
				CLANG_WARN_DOCUMENTATION_COMMENTS = YES;
				CLANG_WARN_EMPTY_BODY = YES;
				CLANG_WARN_ENUM_CONVERSION = YES;
				CLANG_WARN_INFINITE_RECURSION = YES;
				CLANG_WARN_INT_CONVERSION = YES;
				CLANG_WARN_NON_LITERAL_NULL_CONVERSION = YES;
				CLANG_WARN_OBJC_IMPLICIT_RETAIN_SELF = YES;
				CLANG_WARN_OBJC_LITERAL_CONVERSION = YES;
				CLANG_WARN_OBJC_ROOT_CLASS = YES_ERROR;
				CLANG_WARN_QUOTED_INCLUDE_IN_FRAMEWORK_HEADER = YES;
				CLANG_WARN_RANGE_LOOP_ANALYSIS = YES;
				CLANG_WARN_STRICT_PROTOTYPES = YES;
				CLANG_WARN_SUSPICIOUS_MOVE = YES;
				CLANG_WARN_UNGUARDED_AVAILABILITY = YES_AGGRESSIVE;
				CLANG_WARN_UNREACHABLE_CODE = YES;
				CLANG_WARN__DUPLICATE_METHOD_MATCH = YES;
				COPY_PHASE_STRIP = NO;
				DEBUG_INFORMATION_FORMAT = dwarf;
				ENABLE_STRICT_OBJC_MSGSEND = YES;
				ENABLE_TESTABILITY = YES;
				ENABLE_USER_SCRIPT_SANDBOXING = YES;
				GCC_C_LANGUAGE_STANDARD = gnu17;
				GCC_DYNAMIC_NO_PIC = NO;
				GCC_NO_COMMON_BLOCKS = YES;
				GCC_OPTIMIZATION_LEVEL = 0;
				GCC_PREPROCESSOR_DEFINITIONS = (
					"DEBUG=1",
					"$(inherited)",
				);
				GCC_WARN_64_TO_32_BIT_CONVERSION = YES;
				GCC_WARN_ABOUT_RETURN_TYPE = YES_ERROR;
				GCC_WARN_UNDECLARED_SELECTOR = YES;
				GCC_WARN_UNINITIALIZED_AUTOS = YES_AGGRESSIVE;
				GCC_WARN_UNUSED_FUNCTION = YES;
				GCC_WARN_UNUSED_VARIABLE = YES;
				IPHONEOS_DEPLOYMENT_TARGET = 17.2;
				LOCALIZATION_PREFERS_STRING_CATALOGS = YES;
				MTL_ENABLE_DEBUG_INFO = INCLUDE_SOURCE;
				MTL_FAST_MATH = YES;
				ONLY_ACTIVE_ARCH = YES;
				SDKROOT = iphoneos;
				SWIFT_ACTIVE_COMPILATION_CONDITIONS = "DEBUG $(inherited)";
				SWIFT_OPTIMIZATION_LEVEL = "-Onone";
			};
			name = Debug;
		};
		EF7095232B86FB8300A40061 /* Release */ = {
			isa = XCBuildConfiguration;
			buildSettings = {
				ALWAYS_SEARCH_USER_PATHS = NO;
				ASSETCATALOG_COMPILER_GENERATE_SWIFT_ASSET_SYMBOL_EXTENSIONS = YES;
				CLANG_ANALYZER_NONNULL = YES;
				CLANG_ANALYZER_NUMBER_OBJECT_CONVERSION = YES_AGGRESSIVE;
				CLANG_CXX_LANGUAGE_STANDARD = "gnu++20";
				CLANG_ENABLE_MODULES = YES;
				CLANG_ENABLE_OBJC_ARC = YES;
				CLANG_ENABLE_OBJC_WEAK = YES;
				CLANG_WARN_BLOCK_CAPTURE_AUTORELEASING = YES;
				CLANG_WARN_BOOL_CONVERSION = YES;
				CLANG_WARN_COMMA = YES;
				CLANG_WARN_CONSTANT_CONVERSION = YES;
				CLANG_WARN_DEPRECATED_OBJC_IMPLEMENTATIONS = YES;
				CLANG_WARN_DIRECT_OBJC_ISA_USAGE = YES_ERROR;
				CLANG_WARN_DOCUMENTATION_COMMENTS = YES;
				CLANG_WARN_EMPTY_BODY = YES;
				CLANG_WARN_ENUM_CONVERSION = YES;
				CLANG_WARN_INFINITE_RECURSION = YES;
				CLANG_WARN_INT_CONVERSION = YES;
				CLANG_WARN_NON_LITERAL_NULL_CONVERSION = YES;
				CLANG_WARN_OBJC_IMPLICIT_RETAIN_SELF = YES;
				CLANG_WARN_OBJC_LITERAL_CONVERSION = YES;
				CLANG_WARN_OBJC_ROOT_CLASS = YES_ERROR;
				CLANG_WARN_QUOTED_INCLUDE_IN_FRAMEWORK_HEADER = YES;
				CLANG_WARN_RANGE_LOOP_ANALYSIS = YES;
				CLANG_WARN_STRICT_PROTOTYPES = YES;
				CLANG_WARN_SUSPICIOUS_MOVE = YES;
				CLANG_WARN_UNGUARDED_AVAILABILITY = YES_AGGRESSIVE;
				CLANG_WARN_UNREACHABLE_CODE = YES;
				CLANG_WARN__DUPLICATE_METHOD_MATCH = YES;
				COPY_PHASE_STRIP = NO;
				DEBUG_INFORMATION_FORMAT = "dwarf-with-dsym";
				ENABLE_NS_ASSERTIONS = NO;
				ENABLE_STRICT_OBJC_MSGSEND = YES;
				ENABLE_USER_SCRIPT_SANDBOXING = YES;
				GCC_C_LANGUAGE_STANDARD = gnu17;
				GCC_NO_COMMON_BLOCKS = YES;
				GCC_WARN_64_TO_32_BIT_CONVERSION = YES;
				GCC_WARN_ABOUT_RETURN_TYPE = YES_ERROR;
				GCC_WARN_UNDECLARED_SELECTOR = YES;
				GCC_WARN_UNINITIALIZED_AUTOS = YES_AGGRESSIVE;
				GCC_WARN_UNUSED_FUNCTION = YES;
				GCC_WARN_UNUSED_VARIABLE = YES;
				IPHONEOS_DEPLOYMENT_TARGET = 17.2;
				LOCALIZATION_PREFERS_STRING_CATALOGS = YES;
				MTL_ENABLE_DEBUG_INFO = NO;
				MTL_FAST_MATH = YES;
				SDKROOT = iphoneos;
				SWIFT_COMPILATION_MODE = wholemodule;
				VALIDATE_PRODUCT = YES;
			};
			name = Release;
		};
		EF7095252B86FB8300A40061 /* Debug */ = {
			isa = XCBuildConfiguration;
			buildSettings = {
				ASSETCATALOG_COMPILER_APPICON_NAME = AppIcon;
				ASSETCATALOG_COMPILER_GLOBAL_ACCENT_COLOR_NAME = AccentColor;
				CODE_SIGN_STYLE = Automatic;
				CURRENT_PROJECT_VERSION = 1;
				GENERATE_INFOPLIST_FILE = YES;
				INFOPLIST_FILE = COMP3097_Group16/Info.plist;
				INFOPLIST_KEY_UIApplicationSupportsIndirectInputEvents = YES;
				INFOPLIST_KEY_UILaunchStoryboardName = LaunchScreen;
				INFOPLIST_KEY_UIMainStoryboardFile = Main;
				INFOPLIST_KEY_UISupportedInterfaceOrientations_iPad = "UIInterfaceOrientationPortrait UIInterfaceOrientationPortraitUpsideDown UIInterfaceOrientationLandscapeLeft UIInterfaceOrientationLandscapeRight";
				INFOPLIST_KEY_UISupportedInterfaceOrientations_iPhone = "UIInterfaceOrientationPortrait UIInterfaceOrientationLandscapeLeft UIInterfaceOrientationLandscapeRight";
				IPHONEOS_DEPLOYMENT_TARGET = 16.4;
				LD_RUNPATH_SEARCH_PATHS = (
					"$(inherited)",
					"@executable_path/Frameworks",
				);
				MARKETING_VERSION = 1.0;
				PRODUCT_BUNDLE_IDENTIFIER = "ca.georgebrown.comp3097.COMP3097-Group16";
				PRODUCT_NAME = "$(TARGET_NAME)";
				SWIFT_EMIT_LOC_STRINGS = YES;
				SWIFT_VERSION = 5.0;
				TARGETED_DEVICE_FAMILY = "1,2";
			};
			name = Debug;
		};
		EF7095262B86FB8300A40061 /* Release */ = {
			isa = XCBuildConfiguration;
			buildSettings = {
				ASSETCATALOG_COMPILER_APPICON_NAME = AppIcon;
				ASSETCATALOG_COMPILER_GLOBAL_ACCENT_COLOR_NAME = AccentColor;
				CODE_SIGN_STYLE = Automatic;
				CURRENT_PROJECT_VERSION = 1;
				GENERATE_INFOPLIST_FILE = YES;
				INFOPLIST_FILE = COMP3097_Group16/Info.plist;
				INFOPLIST_KEY_UIApplicationSupportsIndirectInputEvents = YES;
				INFOPLIST_KEY_UILaunchStoryboardName = LaunchScreen;
				INFOPLIST_KEY_UIMainStoryboardFile = Main;
				INFOPLIST_KEY_UISupportedInterfaceOrientations_iPad = "UIInterfaceOrientationPortrait UIInterfaceOrientationPortraitUpsideDown UIInterfaceOrientationLandscapeLeft UIInterfaceOrientationLandscapeRight";
				INFOPLIST_KEY_UISupportedInterfaceOrientations_iPhone = "UIInterfaceOrientationPortrait UIInterfaceOrientationLandscapeLeft UIInterfaceOrientationLandscapeRight";
				IPHONEOS_DEPLOYMENT_TARGET = 16.4;
				LD_RUNPATH_SEARCH_PATHS = (
					"$(inherited)",
					"@executable_path/Frameworks",
				);
				MARKETING_VERSION = 1.0;
				PRODUCT_BUNDLE_IDENTIFIER = "ca.georgebrown.comp3097.COMP3097-Group16";
				PRODUCT_NAME = "$(TARGET_NAME)";
				SWIFT_EMIT_LOC_STRINGS = YES;
				SWIFT_VERSION = 5.0;
				TARGETED_DEVICE_FAMILY = "1,2";
			};
			name = Release;
		};
		EF7095282B86FB8300A40061 /* Debug */ = {
			isa = XCBuildConfiguration;
			buildSettings = {
				ALWAYS_EMBED_SWIFT_STANDARD_LIBRARIES = YES;
				BUNDLE_LOADER = "$(TEST_HOST)";
				CODE_SIGN_STYLE = Automatic;
				CURRENT_PROJECT_VERSION = 1;
				GENERATE_INFOPLIST_FILE = YES;
				IPHONEOS_DEPLOYMENT_TARGET = 17.2;
				MARKETING_VERSION = 1.0;
				PRODUCT_BUNDLE_IDENTIFIER = "ca.georgebrown.comp3097.COMP3097-Group16Tests";
				PRODUCT_NAME = "$(TARGET_NAME)";
				SWIFT_EMIT_LOC_STRINGS = NO;
				SWIFT_VERSION = 5.0;
				TARGETED_DEVICE_FAMILY = "1,2";
				TEST_HOST = "$(BUILT_PRODUCTS_DIR)/COMP3097_Group16.app/$(BUNDLE_EXECUTABLE_FOLDER_PATH)/COMP3097_Group16";
			};
			name = Debug;
		};
		EF7095292B86FB8300A40061 /* Release */ = {
			isa = XCBuildConfiguration;
			buildSettings = {
				ALWAYS_EMBED_SWIFT_STANDARD_LIBRARIES = YES;
				BUNDLE_LOADER = "$(TEST_HOST)";
				CODE_SIGN_STYLE = Automatic;
				CURRENT_PROJECT_VERSION = 1;
				GENERATE_INFOPLIST_FILE = YES;
				IPHONEOS_DEPLOYMENT_TARGET = 17.2;
				MARKETING_VERSION = 1.0;
				PRODUCT_BUNDLE_IDENTIFIER = "ca.georgebrown.comp3097.COMP3097-Group16Tests";
				PRODUCT_NAME = "$(TARGET_NAME)";
				SWIFT_EMIT_LOC_STRINGS = NO;
				SWIFT_VERSION = 5.0;
				TARGETED_DEVICE_FAMILY = "1,2";
				TEST_HOST = "$(BUILT_PRODUCTS_DIR)/COMP3097_Group16.app/$(BUNDLE_EXECUTABLE_FOLDER_PATH)/COMP3097_Group16";
			};
			name = Release;
		};
		EF70952B2B86FB8300A40061 /* Debug */ = {
			isa = XCBuildConfiguration;
			buildSettings = {
				ALWAYS_EMBED_SWIFT_STANDARD_LIBRARIES = YES;
				CODE_SIGN_STYLE = Automatic;
				CURRENT_PROJECT_VERSION = 1;
				GENERATE_INFOPLIST_FILE = YES;
				MARKETING_VERSION = 1.0;
				PRODUCT_BUNDLE_IDENTIFIER = "ca.georgebrown.comp3097.COMP3097-Group16UITests";
				PRODUCT_NAME = "$(TARGET_NAME)";
				SWIFT_EMIT_LOC_STRINGS = NO;
				SWIFT_VERSION = 5.0;
				TARGETED_DEVICE_FAMILY = "1,2";
				TEST_TARGET_NAME = COMP3097_Group16;
			};
			name = Debug;
		};
		EF70952C2B86FB8300A40061 /* Release */ = {
			isa = XCBuildConfiguration;
			buildSettings = {
				ALWAYS_EMBED_SWIFT_STANDARD_LIBRARIES = YES;
				CODE_SIGN_STYLE = Automatic;
				CURRENT_PROJECT_VERSION = 1;
				GENERATE_INFOPLIST_FILE = YES;
				MARKETING_VERSION = 1.0;
				PRODUCT_BUNDLE_IDENTIFIER = "ca.georgebrown.comp3097.COMP3097-Group16UITests";
				PRODUCT_NAME = "$(TARGET_NAME)";
				SWIFT_EMIT_LOC_STRINGS = NO;
				SWIFT_VERSION = 5.0;
				TARGETED_DEVICE_FAMILY = "1,2";
				TEST_TARGET_NAME = COMP3097_Group16;
			};
			name = Release;
		};
/* End XCBuildConfiguration section */

/* Begin XCConfigurationList section */
		EF7094F52B86FB8200A40061 /* Build configuration list for PBXProject "COMP3097_Group16" */ = {
			isa = XCConfigurationList;
			buildConfigurations = (
				EF7095222B86FB8300A40061 /* Debug */,
				EF7095232B86FB8300A40061 /* Release */,
			);
			defaultConfigurationIsVisible = 0;
			defaultConfigurationName = Release;
		};
		EF7095242B86FB8300A40061 /* Build configuration list for PBXNativeTarget "COMP3097_Group16" */ = {
			isa = XCConfigurationList;
			buildConfigurations = (
				EF7095252B86FB8300A40061 /* Debug */,
				EF7095262B86FB8300A40061 /* Release */,
			);
			defaultConfigurationIsVisible = 0;
			defaultConfigurationName = Release;
		};
		EF7095272B86FB8300A40061 /* Build configuration list for PBXNativeTarget "COMP3097_Group16Tests" */ = {
			isa = XCConfigurationList;
			buildConfigurations = (
				EF7095282B86FB8300A40061 /* Debug */,
				EF7095292B86FB8300A40061 /* Release */,
			);
			defaultConfigurationIsVisible = 0;
			defaultConfigurationName = Release;
		};
		EF70952A2B86FB8300A40061 /* Build configuration list for PBXNativeTarget "COMP3097_Group16UITests" */ = {
			isa = XCConfigurationList;
			buildConfigurations = (
				EF70952B2B86FB8300A40061 /* Debug */,
				EF70952C2B86FB8300A40061 /* Release */,
			);
			defaultConfigurationIsVisible = 0;
			defaultConfigurationName = Release;
		};
/* End XCConfigurationList section */

/* Begin XCVersionGroup section */
		0964AB522B8E857100ACC0D9 /* TaskModel.xcdatamodeld */ = {
			isa = XCVersionGroup;
			children = (
				0964AB532B8E857100ACC0D9 /* TaskModel.xcdatamodel */,
			);
			currentVersion = 0964AB532B8E857100ACC0D9 /* TaskModel.xcdatamodel */;
			path = TaskModel.xcdatamodeld;
			sourceTree = "<group>";
			versionGroupType = wrapper.xcdatamodel;
		};
/* End XCVersionGroup section */
	};
	rootObject = EF7094F22B86FB8200A40061 /* Project object */;
}
